// !$*UTF8*$!
{
	archiveVersion = 1;
	classes = {
	};
	objectVersion = 56;
	objects = {

/* Begin PBXBuildFile section */
		380C944529D3392100D3995A /* FollowerListViewController.swift in Sources */ = {isa = PBXBuildFile; fileRef = 380C944429D3392100D3995A /* FollowerListViewController.swift */; };
		380C944729D473CD00D3995A /* GFTitleLabel.swift in Sources */ = {isa = PBXBuildFile; fileRef = 380C944629D473CD00D3995A /* GFTitleLabel.swift */; };
		380C944929D475E700D3995A /* GFBodyLabel.swift in Sources */ = {isa = PBXBuildFile; fileRef = 380C944829D475E700D3995A /* GFBodyLabel.swift */; };
		380C944B29D4772200D3995A /* GFAlertViewController.swift in Sources */ = {isa = PBXBuildFile; fileRef = 380C944A29D4772200D3995A /* GFAlertViewController.swift */; };
		380C944D29D4807400D3995A /* UIViewController+Ext.swift in Sources */ = {isa = PBXBuildFile; fileRef = 380C944C29D4807400D3995A /* UIViewController+Ext.swift */; };
		381BECA829EEFB4800A762B0 /* UIHelper.swift in Sources */ = {isa = PBXBuildFile; fileRef = 381BECA729EEFB4800A762B0 /* UIHelper.swift */; };
		383A994A29DC791C005EB00A /* ErrorMessage.swift in Sources */ = {isa = PBXBuildFile; fileRef = 383A994929DC791C005EB00A /* ErrorMessage.swift */; };
		3852802D2A12893900DA4C1A /* UserInfoViewController.swift in Sources */ = {isa = PBXBuildFile; fileRef = 3852802C2A12893900DA4C1A /* UserInfoViewController.swift */; };
		38A6A60B29E6AA0400ADAFD7 /* FollowerCell.swift in Sources */ = {isa = PBXBuildFile; fileRef = 38A6A60A29E6AA0400ADAFD7 /* FollowerCell.swift */; };
		38A6A60D29E6AB2900ADAFD7 /* GFAvatarImageView.swift in Sources */ = {isa = PBXBuildFile; fileRef = 38A6A60C29E6AB2900ADAFD7 /* GFAvatarImageView.swift */; };
		38CA92AD29D5AE9700B4C257 /* Follower.swift in Sources */ = {isa = PBXBuildFile; fileRef = 38CA92AC29D5AE9700B4C257 /* Follower.swift */; };
		38CA92AF29D5AFED00B4C257 /* User.swift in Sources */ = {isa = PBXBuildFile; fileRef = 38CA92AE29D5AFED00B4C257 /* User.swift */; };
		38CA92B229D5B51600B4C257 /* Network Manager.swift in Sources */ = {isa = PBXBuildFile; fileRef = 38CA92B129D5B51600B4C257 /* Network Manager.swift */; };
		38DE3D9F29FEC6C4000E1331 /* GFEmptyStateView.swift in Sources */ = {isa = PBXBuildFile; fileRef = 38DE3D9E29FEC6C4000E1331 /* GFEmptyStateView.swift */; };
		38E7DAB429D1FF900071945C /* GFButton.swift in Sources */ = {isa = PBXBuildFile; fileRef = 38E7DAB329D1FF900071945C /* GFButton.swift */; };
		38E7DAB629D205D20071945C /* GFTextField.swift in Sources */ = {isa = PBXBuildFile; fileRef = 38E7DAB529D205D20071945C /* GFTextField.swift */; };
		38EC6C9D29CD9E99007CE2D6 /* AppDelegate.swift in Sources */ = {isa = PBXBuildFile; fileRef = 38EC6C9C29CD9E99007CE2D6 /* AppDelegate.swift */; };
		38EC6C9F29CD9E99007CE2D6 /* SceneDelegate.swift in Sources */ = {isa = PBXBuildFile; fileRef = 38EC6C9E29CD9E99007CE2D6 /* SceneDelegate.swift */; };
		38EC6CA629CD9E99007CE2D6 /* Assets.xcassets in Resources */ = {isa = PBXBuildFile; fileRef = 38EC6CA529CD9E99007CE2D6 /* Assets.xcassets */; };
		38EC6CA929CD9E99007CE2D6 /* LaunchScreen.storyboard in Resources */ = {isa = PBXBuildFile; fileRef = 38EC6CA729CD9E99007CE2D6 /* LaunchScreen.storyboard */; };
		38EC6CB129CDB736007CE2D6 /* SearchViewController.swift in Sources */ = {isa = PBXBuildFile; fileRef = 38EC6CB029CDB736007CE2D6 /* SearchViewController.swift */; };
		38EC6CB529CDB99C007CE2D6 /* FavoritesViewController.swift in Sources */ = {isa = PBXBuildFile; fileRef = 38EC6CB429CDB99C007CE2D6 /* FavoritesViewController.swift */; };
/* End PBXBuildFile section */

/* Begin PBXFileReference section */
		380C944429D3392100D3995A /* FollowerListViewController.swift */ = {isa = PBXFileReference; lastKnownFileType = sourcecode.swift; path = FollowerListViewController.swift; sourceTree = "<group>"; };
		380C944629D473CD00D3995A /* GFTitleLabel.swift */ = {isa = PBXFileReference; lastKnownFileType = sourcecode.swift; path = GFTitleLabel.swift; sourceTree = "<group>"; };
		380C944829D475E700D3995A /* GFBodyLabel.swift */ = {isa = PBXFileReference; lastKnownFileType = sourcecode.swift; path = GFBodyLabel.swift; sourceTree = "<group>"; };
		380C944A29D4772200D3995A /* GFAlertViewController.swift */ = {isa = PBXFileReference; lastKnownFileType = sourcecode.swift; path = GFAlertViewController.swift; sourceTree = "<group>"; };
		380C944C29D4807400D3995A /* UIViewController+Ext.swift */ = {isa = PBXFileReference; lastKnownFileType = sourcecode.swift; path = "UIViewController+Ext.swift"; sourceTree = "<group>"; };
		381BECA729EEFB4800A762B0 /* UIHelper.swift */ = {isa = PBXFileReference; lastKnownFileType = sourcecode.swift; path = UIHelper.swift; sourceTree = "<group>"; };
		383A994929DC791C005EB00A /* ErrorMessage.swift */ = {isa = PBXFileReference; lastKnownFileType = sourcecode.swift; path = ErrorMessage.swift; sourceTree = "<group>"; };
		3852802C2A12893900DA4C1A /* UserInfoViewController.swift */ = {isa = PBXFileReference; lastKnownFileType = sourcecode.swift; path = UserInfoViewController.swift; sourceTree = "<group>"; };
		38A6A60A29E6AA0400ADAFD7 /* FollowerCell.swift */ = {isa = PBXFileReference; lastKnownFileType = sourcecode.swift; path = FollowerCell.swift; sourceTree = "<group>"; };
		38A6A60C29E6AB2900ADAFD7 /* GFAvatarImageView.swift */ = {isa = PBXFileReference; lastKnownFileType = sourcecode.swift; path = GFAvatarImageView.swift; sourceTree = "<group>"; };
		38CA92AC29D5AE9700B4C257 /* Follower.swift */ = {isa = PBXFileReference; lastKnownFileType = sourcecode.swift; path = Follower.swift; sourceTree = "<group>"; };
		38CA92AE29D5AFED00B4C257 /* User.swift */ = {isa = PBXFileReference; lastKnownFileType = sourcecode.swift; path = User.swift; sourceTree = "<group>"; };
		38CA92B129D5B51600B4C257 /* Network Manager.swift */ = {isa = PBXFileReference; lastKnownFileType = sourcecode.swift; path = "Network Manager.swift"; sourceTree = "<group>"; };
		38DE3D9E29FEC6C4000E1331 /* GFEmptyStateView.swift */ = {isa = PBXFileReference; lastKnownFileType = sourcecode.swift; path = GFEmptyStateView.swift; sourceTree = "<group>"; };
		38E7DAB329D1FF900071945C /* GFButton.swift */ = {isa = PBXFileReference; lastKnownFileType = sourcecode.swift; path = GFButton.swift; sourceTree = "<group>"; };
		38E7DAB529D205D20071945C /* GFTextField.swift */ = {isa = PBXFileReference; lastKnownFileType = sourcecode.swift; path = GFTextField.swift; sourceTree = "<group>"; };
		38EC6C9929CD9E99007CE2D6 /* GHFollowers.app */ = {isa = PBXFileReference; explicitFileType = wrapper.application; includeInIndex = 0; path = GHFollowers.app; sourceTree = BUILT_PRODUCTS_DIR; };
		38EC6C9C29CD9E99007CE2D6 /* AppDelegate.swift */ = {isa = PBXFileReference; lastKnownFileType = sourcecode.swift; path = AppDelegate.swift; sourceTree = "<group>"; };
		38EC6C9E29CD9E99007CE2D6 /* SceneDelegate.swift */ = {isa = PBXFileReference; lastKnownFileType = sourcecode.swift; path = SceneDelegate.swift; sourceTree = "<group>"; };
		38EC6CA529CD9E99007CE2D6 /* Assets.xcassets */ = {isa = PBXFileReference; lastKnownFileType = folder.assetcatalog; path = Assets.xcassets; sourceTree = "<group>"; };
		38EC6CA829CD9E99007CE2D6 /* Base */ = {isa = PBXFileReference; lastKnownFileType = file.storyboard; name = Base; path = Base.lproj/LaunchScreen.storyboard; sourceTree = "<group>"; };
		38EC6CAA29CD9E99007CE2D6 /* Info.plist */ = {isa = PBXFileReference; lastKnownFileType = text.plist.xml; path = Info.plist; sourceTree = "<group>"; };
		38EC6CB029CDB736007CE2D6 /* SearchViewController.swift */ = {isa = PBXFileReference; lastKnownFileType = sourcecode.swift; path = SearchViewController.swift; sourceTree = "<group>"; };
		38EC6CB429CDB99C007CE2D6 /* FavoritesViewController.swift */ = {isa = PBXFileReference; lastKnownFileType = sourcecode.swift; path = FavoritesViewController.swift; sourceTree = "<group>"; };
/* End PBXFileReference section */

/* Begin PBXFrameworksBuildPhase section */
		38EC6C9629CD9E98007CE2D6 /* Frameworks */ = {
			isa = PBXFrameworksBuildPhase;
			buildActionMask = 2147483647;
			files = (
			);
			runOnlyForDeploymentPostprocessing = 0;
		};
/* End PBXFrameworksBuildPhase section */

/* Begin PBXGroup section */
		383A994829DC78ED005EB00A /* Utilities */ = {
			isa = PBXGroup;
			children = (
				383A994929DC791C005EB00A /* ErrorMessage.swift */,
				381BECA729EEFB4800A762B0 /* UIHelper.swift */,
			);
			path = Utilities;
			sourceTree = "<group>";
		};
		38A6A60929E6A9BE00ADAFD7 /* Cells */ = {
			isa = PBXGroup;
			children = (
				38A6A60A29E6AA0400ADAFD7 /* FollowerCell.swift */,
			);
			path = Cells;
			sourceTree = "<group>";
		};
		38CA92A729D5A9E100B4C257 /* Screens */ = {
			isa = PBXGroup;
			children = (
				38EC6CB029CDB736007CE2D6 /* SearchViewController.swift */,
				38EC6CB429CDB99C007CE2D6 /* FavoritesViewController.swift */,
				380C944429D3392100D3995A /* FollowerListViewController.swift */,
				3852802C2A12893900DA4C1A /* UserInfoViewController.swift */,
			);
			path = Screens;
			sourceTree = "<group>";
		};
		38CA92A829D5AA4800B4C257 /* Custom Views */ = {
			isa = PBXGroup;
			children = (
				38DE3D9D29FEC66B000E1331 /* Labels */,
				38DE3D9C29FEC62C000E1331 /* ViewControllers */,
				38DE3D9B29FEC625000E1331 /* ImageViews */,
				38DE3D9A29FEC618000E1331 /* TextFields */,
				38DE3D9929FEC5F7000E1331 /* Buttons */,
				38DE3D9829FEC5E5000E1331 /* Views */,
				38A6A60929E6A9BE00ADAFD7 /* Cells */,
			);
			path = "Custom Views";
			sourceTree = "<group>";
		};
		38CA92A929D5AA9100B4C257 /* Extensions */ = {
			isa = PBXGroup;
			children = (
				380C944C29D4807400D3995A /* UIViewController+Ext.swift */,
			);
			path = Extensions;
			sourceTree = "<group>";
		};
		38CA92AA29D5AB1600B4C257 /* Support */ = {
			isa = PBXGroup;
			children = (
				38EC6C9C29CD9E99007CE2D6 /* AppDelegate.swift */,
				38EC6C9E29CD9E99007CE2D6 /* SceneDelegate.swift */,
				38EC6CA529CD9E99007CE2D6 /* Assets.xcassets */,
				38EC6CA729CD9E99007CE2D6 /* LaunchScreen.storyboard */,
			);
			path = Support;
			sourceTree = "<group>";
		};
		38CA92AB29D5AE8900B4C257 /* Model */ = {
			isa = PBXGroup;
			children = (
				38CA92AC29D5AE9700B4C257 /* Follower.swift */,
				38CA92AE29D5AFED00B4C257 /* User.swift */,
			);
			path = Model;
			sourceTree = "<group>";
		};
		38CA92B029D5B50700B4C257 /* Managers */ = {
			isa = PBXGroup;
			children = (
				38CA92B129D5B51600B4C257 /* Network Manager.swift */,
			);
			path = Managers;
			sourceTree = "<group>";
		};
		38DE3D9829FEC5E5000E1331 /* Views */ = {
			isa = PBXGroup;
			children = (
				38DE3D9E29FEC6C4000E1331 /* GFEmptyStateView.swift */,
			);
			path = Views;
			sourceTree = "<group>";
		};
		38DE3D9929FEC5F7000E1331 /* Buttons */ = {
			isa = PBXGroup;
			children = (
				38E7DAB329D1FF900071945C /* GFButton.swift */,
			);
			path = Buttons;
			sourceTree = "<group>";
		};
		38DE3D9A29FEC618000E1331 /* TextFields */ = {
			isa = PBXGroup;
			children = (
				38E7DAB529D205D20071945C /* GFTextField.swift */,
			);
			path = TextFields;
			sourceTree = "<group>";
		};
		38DE3D9B29FEC625000E1331 /* ImageViews */ = {
			isa = PBXGroup;
			children = (
				38A6A60C29E6AB2900ADAFD7 /* GFAvatarImageView.swift */,
			);
			path = ImageViews;
			sourceTree = "<group>";
		};
		38DE3D9C29FEC62C000E1331 /* ViewControllers */ = {
			isa = PBXGroup;
			children = (
				380C944A29D4772200D3995A /* GFAlertViewController.swift */,
			);
			path = ViewControllers;
			sourceTree = "<group>";
		};
		38DE3D9D29FEC66B000E1331 /* Labels */ = {
			isa = PBXGroup;
			children = (
				380C944629D473CD00D3995A /* GFTitleLabel.swift */,
				380C944829D475E700D3995A /* GFBodyLabel.swift */,
			);
			path = Labels;
			sourceTree = "<group>";
		};
		38EC6C9029CD9E98007CE2D6 = {
			isa = PBXGroup;
			children = (
				38EC6C9B29CD9E99007CE2D6 /* GHFollowers */,
				38EC6C9A29CD9E99007CE2D6 /* Products */,
			);
			sourceTree = "<group>";
		};
		38EC6C9A29CD9E99007CE2D6 /* Products */ = {
			isa = PBXGroup;
			children = (
				38EC6C9929CD9E99007CE2D6 /* GHFollowers.app */,
			);
			name = Products;
			sourceTree = "<group>";
		};
		38EC6C9B29CD9E99007CE2D6 /* GHFollowers */ = {
			isa = PBXGroup;
			children = (
				383A994829DC78ED005EB00A /* Utilities */,
				38CA92B029D5B50700B4C257 /* Managers */,
				38CA92AB29D5AE8900B4C257 /* Model */,
				38CA92AA29D5AB1600B4C257 /* Support */,
				38CA92A929D5AA9100B4C257 /* Extensions */,
				38CA92A829D5AA4800B4C257 /* Custom Views */,
				38CA92A729D5A9E100B4C257 /* Screens */,
				38EC6CAA29CD9E99007CE2D6 /* Info.plist */,
			);
			path = GHFollowers;
			sourceTree = "<group>";
		};
/* End PBXGroup section */

/* Begin PBXNativeTarget section */
		38EC6C9829CD9E98007CE2D6 /* GHFollowers */ = {
			isa = PBXNativeTarget;
			buildConfigurationList = 38EC6CAD29CD9E99007CE2D6 /* Build configuration list for PBXNativeTarget "GHFollowers" */;
			buildPhases = (
				38EC6C9529CD9E98007CE2D6 /* Sources */,
				38EC6C9629CD9E98007CE2D6 /* Frameworks */,
				38EC6C9729CD9E98007CE2D6 /* Resources */,
			);
			buildRules = (
			);
			dependencies = (
			);
			name = GHFollowers;
			productName = GHFollowers;
			productReference = 38EC6C9929CD9E99007CE2D6 /* GHFollowers.app */;
			productType = "com.apple.product-type.application";
		};
/* End PBXNativeTarget section */

/* Begin PBXProject section */
		38EC6C9129CD9E98007CE2D6 /* Project object */ = {
			isa = PBXProject;
			attributes = {
				BuildIndependentTargetsInParallel = 1;
				LastSwiftUpdateCheck = 1420;
				LastUpgradeCheck = 1420;
				TargetAttributes = {
					38EC6C9829CD9E98007CE2D6 = {
						CreatedOnToolsVersion = 14.2;
					};
				};
			};
			buildConfigurationList = 38EC6C9429CD9E98007CE2D6 /* Build configuration list for PBXProject "GHFollowers" */;
			compatibilityVersion = "Xcode 14.0";
			developmentRegion = en;
			hasScannedForEncodings = 0;
			knownRegions = (
				en,
				Base,
			);
			mainGroup = 38EC6C9029CD9E98007CE2D6;
			productRefGroup = 38EC6C9A29CD9E99007CE2D6 /* Products */;
			projectDirPath = "";
			projectRoot = "";
			targets = (
				38EC6C9829CD9E98007CE2D6 /* GHFollowers */,
			);
		};
/* End PBXProject section */

/* Begin PBXResourcesBuildPhase section */
		38EC6C9729CD9E98007CE2D6 /* Resources */ = {
			isa = PBXResourcesBuildPhase;
			buildActionMask = 2147483647;
			files = (
				38EC6CA929CD9E99007CE2D6 /* LaunchScreen.storyboard in Resources */,
				38EC6CA629CD9E99007CE2D6 /* Assets.xcassets in Resources */,
			);
			runOnlyForDeploymentPostprocessing = 0;
		};
/* End PBXResourcesBuildPhase section */

/* Begin PBXSourcesBuildPhase section */
		38EC6C9529CD9E98007CE2D6 /* Sources */ = {
			isa = PBXSourcesBuildPhase;
			buildActionMask = 2147483647;
			files = (
				38CA92AF29D5AFED00B4C257 /* User.swift in Sources */,
				380C944B29D4772200D3995A /* GFAlertViewController.swift in Sources */,
				38E7DAB629D205D20071945C /* GFTextField.swift in Sources */,
				38EC6CB129CDB736007CE2D6 /* SearchViewController.swift in Sources */,
				380C944D29D4807400D3995A /* UIViewController+Ext.swift in Sources */,
				381BECA829EEFB4800A762B0 /* UIHelper.swift in Sources */,
				38A6A60D29E6AB2900ADAFD7 /* GFAvatarImageView.swift in Sources */,
				38E7DAB429D1FF900071945C /* GFButton.swift in Sources */,
				380C944529D3392100D3995A /* FollowerListViewController.swift in Sources */,
				38A6A60B29E6AA0400ADAFD7 /* FollowerCell.swift in Sources */,
				383A994A29DC791C005EB00A /* ErrorMessage.swift in Sources */,
				38CA92B229D5B51600B4C257 /* Network Manager.swift in Sources */,
				380C944929D475E700D3995A /* GFBodyLabel.swift in Sources */,
				38CA92AD29D5AE9700B4C257 /* Follower.swift in Sources */,
				38DE3D9F29FEC6C4000E1331 /* GFEmptyStateView.swift in Sources */,
				380C944729D473CD00D3995A /* GFTitleLabel.swift in Sources */,
				38EC6C9D29CD9E99007CE2D6 /* AppDelegate.swift in Sources */,
				3852802D2A12893900DA4C1A /* UserInfoViewController.swift in Sources */,
				38EC6CB529CDB99C007CE2D6 /* FavoritesViewController.swift in Sources */,
				38EC6C9F29CD9E99007CE2D6 /* SceneDelegate.swift in Sources */,
			);
			runOnlyForDeploymentPostprocessing = 0;
		};
/* End PBXSourcesBuildPhase section */

/* Begin PBXVariantGroup section */
		38EC6CA729CD9E99007CE2D6 /* LaunchScreen.storyboard */ = {
			isa = PBXVariantGroup;
			children = (
				38EC6CA829CD9E99007CE2D6 /* Base */,
			);
			name = LaunchScreen.storyboard;
			sourceTree = "<group>";
		};
/* End PBXVariantGroup section */

/* Begin XCBuildConfiguration section */
		38EC6CAB29CD9E99007CE2D6 /* Debug */ = {
			isa = XCBuildConfiguration;
			buildSettings = {
				ALWAYS_SEARCH_USER_PATHS = NO;
				CLANG_ANALYZER_NONNULL = YES;
				CLANG_ANALYZER_NUMBER_OBJECT_CONVERSION = YES_AGGRESSIVE;
				CLANG_CXX_LANGUAGE_STANDARD = "gnu++20";
				CLANG_ENABLE_MODULES = YES;
				CLANG_ENABLE_OBJC_ARC = YES;
				CLANG_ENABLE_OBJC_WEAK = YES;
				CLANG_WARN_BLOCK_CAPTURE_AUTORELEASING = YES;
				CLANG_WARN_BOOL_CONVERSION = YES;
				CLANG_WARN_COMMA = YES;
				CLANG_WARN_CONSTANT_CONVERSION = YES;
				CLANG_WARN_DEPRECATED_OBJC_IMPLEMENTATIONS = YES;
				CLANG_WARN_DIRECT_OBJC_ISA_USAGE = YES_ERROR;
				CLANG_WARN_DOCUMENTATION_COMMENTS = YES;
				CLANG_WARN_EMPTY_BODY = YES;
				CLANG_WARN_ENUM_CONVERSION = YES;
				CLANG_WARN_INFINITE_RECURSION = YES;
				CLANG_WARN_INT_CONVERSION = YES;
				CLANG_WARN_NON_LITERAL_NULL_CONVERSION = YES;
				CLANG_WARN_OBJC_IMPLICIT_RETAIN_SELF = YES;
				CLANG_WARN_OBJC_LITERAL_CONVERSION = YES;
				CLANG_WARN_OBJC_ROOT_CLASS = YES_ERROR;
				CLANG_WARN_QUOTED_INCLUDE_IN_FRAMEWORK_HEADER = YES;
				CLANG_WARN_RANGE_LOOP_ANALYSIS = YES;
				CLANG_WARN_STRICT_PROTOTYPES = YES;
				CLANG_WARN_SUSPICIOUS_MOVE = YES;
				CLANG_WARN_UNGUARDED_AVAILABILITY = YES_AGGRESSIVE;
				CLANG_WARN_UNREACHABLE_CODE = YES;
				CLANG_WARN__DUPLICATE_METHOD_MATCH = YES;
				COPY_PHASE_STRIP = NO;
				DEBUG_INFORMATION_FORMAT = dwarf;
				ENABLE_STRICT_OBJC_MSGSEND = YES;
				ENABLE_TESTABILITY = YES;
				GCC_C_LANGUAGE_STANDARD = gnu11;
				GCC_DYNAMIC_NO_PIC = NO;
				GCC_NO_COMMON_BLOCKS = YES;
				GCC_OPTIMIZATION_LEVEL = 0;
				GCC_PREPROCESSOR_DEFINITIONS = (
					"DEBUG=1",
					"$(inherited)",
				);
				GCC_WARN_64_TO_32_BIT_CONVERSION = YES;
				GCC_WARN_ABOUT_RETURN_TYPE = YES_ERROR;
				GCC_WARN_UNDECLARED_SELECTOR = YES;
				GCC_WARN_UNINITIALIZED_AUTOS = YES_AGGRESSIVE;
				GCC_WARN_UNUSED_FUNCTION = YES;
				GCC_WARN_UNUSED_VARIABLE = YES;
				IPHONEOS_DEPLOYMENT_TARGET = 16.2;
				MTL_ENABLE_DEBUG_INFO = INCLUDE_SOURCE;
				MTL_FAST_MATH = YES;
				ONLY_ACTIVE_ARCH = YES;
				SDKROOT = iphoneos;
				SWIFT_ACTIVE_COMPILATION_CONDITIONS = DEBUG;
				SWIFT_OPTIMIZATION_LEVEL = "-Onone";
			};
			name = Debug;
		};
		38EC6CAC29CD9E99007CE2D6 /* Release */ = {
			isa = XCBuildConfiguration;
			buildSettings = {
				ALWAYS_SEARCH_USER_PATHS = NO;
				CLANG_ANALYZER_NONNULL = YES;
				CLANG_ANALYZER_NUMBER_OBJECT_CONVERSION = YES_AGGRESSIVE;
				CLANG_CXX_LANGUAGE_STANDARD = "gnu++20";
				CLANG_ENABLE_MODULES = YES;
				CLANG_ENABLE_OBJC_ARC = YES;
				CLANG_ENABLE_OBJC_WEAK = YES;
				CLANG_WARN_BLOCK_CAPTURE_AUTORELEASING = YES;
				CLANG_WARN_BOOL_CONVERSION = YES;
				CLANG_WARN_COMMA = YES;
				CLANG_WARN_CONSTANT_CONVERSION = YES;
				CLANG_WARN_DEPRECATED_OBJC_IMPLEMENTATIONS = YES;
				CLANG_WARN_DIRECT_OBJC_ISA_USAGE = YES_ERROR;
				CLANG_WARN_DOCUMENTATION_COMMENTS = YES;
				CLANG_WARN_EMPTY_BODY = YES;
				CLANG_WARN_ENUM_CONVERSION = YES;
				CLANG_WARN_INFINITE_RECURSION = YES;
				CLANG_WARN_INT_CONVERSION = YES;
				CLANG_WARN_NON_LITERAL_NULL_CONVERSION = YES;
				CLANG_WARN_OBJC_IMPLICIT_RETAIN_SELF = YES;
				CLANG_WARN_OBJC_LITERAL_CONVERSION = YES;
				CLANG_WARN_OBJC_ROOT_CLASS = YES_ERROR;
				CLANG_WARN_QUOTED_INCLUDE_IN_FRAMEWORK_HEADER = YES;
				CLANG_WARN_RANGE_LOOP_ANALYSIS = YES;
				CLANG_WARN_STRICT_PROTOTYPES = YES;
				CLANG_WARN_SUSPICIOUS_MOVE = YES;
				CLANG_WARN_UNGUARDED_AVAILABILITY = YES_AGGRESSIVE;
				CLANG_WARN_UNREACHABLE_CODE = YES;
				CLANG_WARN__DUPLICATE_METHOD_MATCH = YES;
				COPY_PHASE_STRIP = NO;
				DEBUG_INFORMATION_FORMAT = "dwarf-with-dsym";
				ENABLE_NS_ASSERTIONS = NO;
				ENABLE_STRICT_OBJC_MSGSEND = YES;
				GCC_C_LANGUAGE_STANDARD = gnu11;
				GCC_NO_COMMON_BLOCKS = YES;
				GCC_WARN_64_TO_32_BIT_CONVERSION = YES;
				GCC_WARN_ABOUT_RETURN_TYPE = YES_ERROR;
				GCC_WARN_UNDECLARED_SELECTOR = YES;
				GCC_WARN_UNINITIALIZED_AUTOS = YES_AGGRESSIVE;
				GCC_WARN_UNUSED_FUNCTION = YES;
				GCC_WARN_UNUSED_VARIABLE = YES;
				IPHONEOS_DEPLOYMENT_TARGET = 16.2;
				MTL_ENABLE_DEBUG_INFO = NO;
				MTL_FAST_MATH = YES;
				SDKROOT = iphoneos;
				SWIFT_COMPILATION_MODE = wholemodule;
				SWIFT_OPTIMIZATION_LEVEL = "-O";
				VALIDATE_PRODUCT = YES;
			};
			name = Release;
		};
		38EC6CAE29CD9E99007CE2D6 /* Debug */ = {
			isa = XCBuildConfiguration;
			buildSettings = {
				ASSETCATALOG_COMPILER_APPICON_NAME = AppIcon;
				ASSETCATALOG_COMPILER_GLOBAL_ACCENT_COLOR_NAME = AccentColor;
				CODE_SIGN_STYLE = Automatic;
				CURRENT_PROJECT_VERSION = 1;
				DEVELOPMENT_TEAM = XZ7KN75T42;
				GENERATE_INFOPLIST_FILE = YES;
				INFOPLIST_FILE = GHFollowers/Info.plist;
				INFOPLIST_KEY_UIApplicationSupportsIndirectInputEvents = YES;
				INFOPLIST_KEY_UILaunchStoryboardName = LaunchScreen;
				INFOPLIST_KEY_UIStatusBarStyle = "";
				INFOPLIST_KEY_UISupportedInterfaceOrientations = "UIInterfaceOrientationLandscapeRight UIInterfaceOrientationPortrait";
				INFOPLIST_KEY_UISupportedInterfaceOrientations_iPad = UIInterfaceOrientationPortrait;
				IPHONEOS_DEPLOYMENT_TARGET = 13.0;
				LD_RUNPATH_SEARCH_PATHS = (
					"$(inherited)",
					"@executable_path/Frameworks",
				);
				MARKETING_VERSION = 1.0;
				PRODUCT_BUNDLE_IDENTIFIER = com.unemployeed.GHFollowers;
				PRODUCT_NAME = "$(TARGET_NAME)";
				SWIFT_EMIT_LOC_STRINGS = YES;
				SWIFT_VERSION = 5.0;
				TARGETED_DEVICE_FAMILY = "1,2";
			};
			name = Debug;
		};
		38EC6CAF29CD9E99007CE2D6 /* Release */ = {
			isa = XCBuildConfiguration;
			buildSettings = {
				ASSETCATALOG_COMPILER_APPICON_NAME = AppIcon;
				ASSETCATALOG_COMPILER_GLOBAL_ACCENT_COLOR_NAME = AccentColor;
				CODE_SIGN_STYLE = Automatic;
				CURRENT_PROJECT_VERSION = 1;
				DEVELOPMENT_TEAM = XZ7KN75T42;
				GENERATE_INFOPLIST_FILE = YES;
				INFOPLIST_FILE = GHFollowers/Info.plist;
				INFOPLIST_KEY_UIApplicationSupportsIndirectInputEvents = YES;
				INFOPLIST_KEY_UILaunchStoryboardName = LaunchScreen;
				INFOPLIST_KEY_UIStatusBarStyle = "";
				INFOPLIST_KEY_UISupportedInterfaceOrientations = "UIInterfaceOrientationLandscapeRight UIInterfaceOrientationPortrait";
				INFOPLIST_KEY_UISupportedInterfaceOrientations_iPad = UIInterfaceOrientationPortrait;
				IPHONEOS_DEPLOYMENT_TARGET = 13.0;
				LD_RUNPATH_SEARCH_PATHS = (
					"$(inherited)",
					"@executable_path/Frameworks",
				);
				MARKETING_VERSION = 1.0;
				PRODUCT_BUNDLE_IDENTIFIER = com.unemployeed.GHFollowers;
				PRODUCT_NAME = "$(TARGET_NAME)";
				SWIFT_EMIT_LOC_STRINGS = YES;
				SWIFT_VERSION = 5.0;
				TARGETED_DEVICE_FAMILY = "1,2";
			};
			name = Release;
		};
/* End XCBuildConfiguration section */

/* Begin XCConfigurationList section */
		38EC6C9429CD9E98007CE2D6 /* Build configuration list for PBXProject "GHFollowers" */ = {
			isa = XCConfigurationList;
			buildConfigurations = (
				38EC6CAB29CD9E99007CE2D6 /* Debug */,
				38EC6CAC29CD9E99007CE2D6 /* Release */,
			);
			defaultConfigurationIsVisible = 0;
			defaultConfigurationName = Release;
		};
		38EC6CAD29CD9E99007CE2D6 /* Build configuration list for PBXNativeTarget "GHFollowers" */ = {
			isa = XCConfigurationList;
			buildConfigurations = (
				38EC6CAE29CD9E99007CE2D6 /* Debug */,
				38EC6CAF29CD9E99007CE2D6 /* Release */,
			);
			defaultConfigurationIsVisible = 0;
			defaultConfigurationName = Release;
		};
/* End XCConfigurationList section */
	};
	rootObject = 38EC6C9129CD9E98007CE2D6 /* Project object */;
}
